// !$*UTF8*$!
{
	archiveVersion = 1;
	classes = {
	};
	objectVersion = 46;
	objects = {

/* Begin PBXBuildFile section */
		9D1AEA5E1EA88141000B78BC /* curl.sh in Resources */ = {isa = PBXBuildFile; fileRef = 9D1AEA5D1EA88141000B78BC /* curl.sh */; };
		9D1AEA611EA881BF000B78BC /* BlogModel.m in Sources */ = {isa = PBXBuildFile; fileRef = 9D1AEA601EA881BF000B78BC /* BlogModel.m */; };
		9DA387541EA4D45C008FDDE3 /* AppDelegate.m in Sources */ = {isa = PBXBuildFile; fileRef = 9DA387531EA4D45C008FDDE3 /* AppDelegate.m */; };
		9DA387571EA4D45C008FDDE3 /* main.m in Sources */ = {isa = PBXBuildFile; fileRef = 9DA387561EA4D45C008FDDE3 /* main.m */; };
		9DA3875A1EA4D45C008FDDE3 /* ViewController.m in Sources */ = {isa = PBXBuildFile; fileRef = 9DA387591EA4D45C008FDDE3 /* ViewController.m */; };
		9DA3875C1EA4D45C008FDDE3 /* Assets.xcassets in Resources */ = {isa = PBXBuildFile; fileRef = 9DA3875B1EA4D45C008FDDE3 /* Assets.xcassets */; };
		9DA3875F1EA4D45C008FDDE3 /* Main.storyboard in Resources */ = {isa = PBXBuildFile; fileRef = 9DA3875D1EA4D45C008FDDE3 /* Main.storyboard */; };
		FDBB9195788A7557C6064602 /* Pods_GhostWriter.framework in Frameworks */ = {isa = PBXBuildFile; fileRef = 296B71EADBB37BA9E4AA182D /* Pods_GhostWriter.framework */; };
/* End PBXBuildFile section */

/* Begin PBXFileReference section */
		296B71EADBB37BA9E4AA182D /* Pods_GhostWriter.framework */ = {isa = PBXFileReference; explicitFileType = wrapper.framework; includeInIndex = 0; path = Pods_GhostWriter.framework; sourceTree = BUILT_PRODUCTS_DIR; };
		42DBA5B24612358126F53CB4 /* Pods-GhostWriter.release.xcconfig */ = {isa = PBXFileReference; includeInIndex = 1; lastKnownFileType = text.xcconfig; name = "Pods-GhostWriter.release.xcconfig"; path = "Pods/Target Support Files/Pods-GhostWriter/Pods-GhostWriter.release.xcconfig"; sourceTree = "<group>"; };
		9D1AEA5D1EA88141000B78BC /* curl.sh */ = {isa = PBXFileReference; fileEncoding = 4; lastKnownFileType = text.script.sh; path = curl.sh; sourceTree = "<group>"; };
		9D1AEA5F1EA881BF000B78BC /* BlogModel.h */ = {isa = PBXFileReference; fileEncoding = 4; lastKnownFileType = sourcecode.c.h; path = BlogModel.h; sourceTree = "<group>"; };
		9D1AEA601EA881BF000B78BC /* BlogModel.m */ = {isa = PBXFileReference; fileEncoding = 4; lastKnownFileType = sourcecode.c.objc; path = BlogModel.m; sourceTree = "<group>"; };
		9DA3874F1EA4D45C008FDDE3 /* GhostWriter.app */ = {isa = PBXFileReference; explicitFileType = wrapper.application; includeInIndex = 0; path = GhostWriter.app; sourceTree = BUILT_PRODUCTS_DIR; };
		9DA387521EA4D45C008FDDE3 /* AppDelegate.h */ = {isa = PBXFileReference; lastKnownFileType = sourcecode.c.h; path = AppDelegate.h; sourceTree = "<group>"; };
		9DA387531EA4D45C008FDDE3 /* AppDelegate.m */ = {isa = PBXFileReference; lastKnownFileType = sourcecode.c.objc; path = AppDelegate.m; sourceTree = "<group>"; };
		9DA387561EA4D45C008FDDE3 /* main.m */ = {isa = PBXFileReference; lastKnownFileType = sourcecode.c.objc; path = main.m; sourceTree = "<group>"; };
		9DA387581EA4D45C008FDDE3 /* ViewController.h */ = {isa = PBXFileReference; lastKnownFileType = sourcecode.c.h; path = ViewController.h; sourceTree = "<group>"; };
		9DA387591EA4D45C008FDDE3 /* ViewController.m */ = {isa = PBXFileReference; lastKnownFileType = sourcecode.c.objc; path = ViewController.m; sourceTree = "<group>"; };
		9DA3875B1EA4D45C008FDDE3 /* Assets.xcassets */ = {isa = PBXFileReference; lastKnownFileType = folder.assetcatalog; path = Assets.xcassets; sourceTree = "<group>"; };
		9DA3875E1EA4D45C008FDDE3 /* Base */ = {isa = PBXFileReference; lastKnownFileType = file.storyboard; name = Base; path = Base.lproj/Main.storyboard; sourceTree = "<group>"; };
		9DA387601EA4D45C008FDDE3 /* Info.plist */ = {isa = PBXFileReference; lastKnownFileType = text.plist.xml; path = Info.plist; sourceTree = "<group>"; };
		C44335BD6AA1EA1668A6A6CC /* Pods-GhostWriter.debug.xcconfig */ = {isa = PBXFileReference; includeInIndex = 1; lastKnownFileType = text.xcconfig; name = "Pods-GhostWriter.debug.xcconfig"; path = "Pods/Target Support Files/Pods-GhostWriter/Pods-GhostWriter.debug.xcconfig"; sourceTree = "<group>"; };
/* End PBXFileReference section */

/* Begin PBXFrameworksBuildPhase section */
		9DA3874C1EA4D45C008FDDE3 /* Frameworks */ = {
			isa = PBXFrameworksBuildPhase;
			buildActionMask = 2147483647;
			files = (
				FDBB9195788A7557C6064602 /* Pods_GhostWriter.framework in Frameworks */,
			);
			runOnlyForDeploymentPostprocessing = 0;
		};
/* End PBXFrameworksBuildPhase section */

/* Begin PBXGroup section */
		067325E51864F9399A2A6664 /* Pods */ = {
			isa = PBXGroup;
			children = (
				C44335BD6AA1EA1668A6A6CC /* Pods-GhostWriter.debug.xcconfig */,
				42DBA5B24612358126F53CB4 /* Pods-GhostWriter.release.xcconfig */,
			);
			name = Pods;
			sourceTree = "<group>";
		};
		9DA387461EA4D45C008FDDE3 = {
			isa = PBXGroup;
			children = (
				9DA387511EA4D45C008FDDE3 /* GhostWriter */,
				9DA387501EA4D45C008FDDE3 /* Products */,
				067325E51864F9399A2A6664 /* Pods */,
				D68CA3322769B4103A1621B2 /* Frameworks */,
			);
			sourceTree = "<group>";
		};
		9DA387501EA4D45C008FDDE3 /* Products */ = {
			isa = PBXGroup;
			children = (
				9DA3874F1EA4D45C008FDDE3 /* GhostWriter.app */,
			);
			name = Products;
			sourceTree = "<group>";
		};
		9DA387511EA4D45C008FDDE3 /* GhostWriter */ = {
			isa = PBXGroup;
			children = (
				9DA387521EA4D45C008FDDE3 /* AppDelegate.h */,
				9DA387531EA4D45C008FDDE3 /* AppDelegate.m */,
				9D1AEA5D1EA88141000B78BC /* curl.sh */,
				9DA3875B1EA4D45C008FDDE3 /* Assets.xcassets */,
				9DA387601EA4D45C008FDDE3 /* Info.plist */,
				9DA3875D1EA4D45C008FDDE3 /* Main.storyboard */,
				9DA387551EA4D45C008FDDE3 /* Supporting Files */,
				9DA387581EA4D45C008FDDE3 /* ViewController.h */,
				9DA387591EA4D45C008FDDE3 /* ViewController.m */,
				9D1AEA5F1EA881BF000B78BC /* BlogModel.h */,
				9D1AEA601EA881BF000B78BC /* BlogModel.m */,
			);
			path = GhostWriter;
			sourceTree = "<group>";
		};
		9DA387551EA4D45C008FDDE3 /* Supporting Files */ = {
			isa = PBXGroup;
			children = (
				9DA387561EA4D45C008FDDE3 /* main.m */,
			);
			name = "Supporting Files";
			sourceTree = "<group>";
		};
		D68CA3322769B4103A1621B2 /* Frameworks */ = {
			isa = PBXGroup;
			children = (
				296B71EADBB37BA9E4AA182D /* Pods_GhostWriter.framework */,
			);
			name = Frameworks;
			sourceTree = "<group>";
		};
/* End PBXGroup section */

/* Begin PBXNativeTarget section */
		9DA3874E1EA4D45C008FDDE3 /* GhostWriter */ = {
			isa = PBXNativeTarget;
			buildConfigurationList = 9DA387631EA4D45C008FDDE3 /* Build configuration list for PBXNativeTarget "GhostWriter" */;
			buildPhases = (
				AEBE1514A2002C2390472E00 /* [CP] Check Pods Manifest.lock */,
				9DA3874B1EA4D45C008FDDE3 /* Sources */,
				9DA3874C1EA4D45C008FDDE3 /* Frameworks */,
				9DA3874D1EA4D45C008FDDE3 /* Resources */,
				7937AEE2BB59B834157553E4 /* [CP] Embed Pods Frameworks */,
				1E496232C35800340CD41932 /* [CP] Copy Pods Resources */,
			);
			buildRules = (
			);
			dependencies = (
			);
			name = GhostWriter;
			productName = GhostWriter;
			productReference = 9DA3874F1EA4D45C008FDDE3 /* GhostWriter.app */;
			productType = "com.apple.product-type.application";
		};
/* End PBXNativeTarget section */

/* Begin PBXProject section */
		9DA387471EA4D45C008FDDE3 /* Project object */ = {
			isa = PBXProject;
			attributes = {
				LastUpgradeCheck = 0830;
				ORGANIZATIONNAME = Lvmama;
				TargetAttributes = {
					9DA3874E1EA4D45C008FDDE3 = {
						CreatedOnToolsVersion = 8.3.1;
						DevelopmentTeam = KB7B8SQENU;
						ProvisioningStyle = Automatic;
					};
				};
			};
			buildConfigurationList = 9DA3874A1EA4D45C008FDDE3 /* Build configuration list for PBXProject "GhostWriter" */;
			compatibilityVersion = "Xcode 3.2";
			developmentRegion = English;
			hasScannedForEncodings = 0;
			knownRegions = (
				en,
				Base,
			);
			mainGroup = 9DA387461EA4D45C008FDDE3;
			productRefGroup = 9DA387501EA4D45C008FDDE3 /* Products */;
			projectDirPath = "";
			projectRoot = "";
			targets = (
				9DA3874E1EA4D45C008FDDE3 /* GhostWriter */,
			);
		};
/* End PBXProject section */

/* Begin PBXResourcesBuildPhase section */
		9DA3874D1EA4D45C008FDDE3 /* Resources */ = {
			isa = PBXResourcesBuildPhase;
			buildActionMask = 2147483647;
			files = (
				9D1AEA5E1EA88141000B78BC /* curl.sh in Resources */,
				9DA3875C1EA4D45C008FDDE3 /* Assets.xcassets in Resources */,
				9DA3875F1EA4D45C008FDDE3 /* Main.storyboard in Resources */,
			);
			runOnlyForDeploymentPostprocessing = 0;
		};
/* End PBXResourcesBuildPhase section */

/* Begin PBXShellScriptBuildPhase section */
		1E496232C35800340CD41932 /* [CP] Copy Pods Resources */ = {
			isa = PBXShellScriptBuildPhase;
			buildActionMask = 2147483647;
			files = (
			);
			inputPaths = (
			);
			name = "[CP] Copy Pods Resources";
			outputPaths = (
			);
			runOnlyForDeploymentPostprocessing = 0;
			shellPath = /bin/sh;
			shellScript = "\"${SRCROOT}/Pods/Target Support Files/Pods-GhostWriter/Pods-GhostWriter-resources.sh\"\n";
			showEnvVarsInLog = 0;
		};
		7937AEE2BB59B834157553E4 /* [CP] Embed Pods Frameworks */ = {
			isa = PBXShellScriptBuildPhase;
			buildActionMask = 2147483647;
			files = (
			);
			inputPaths = (
			);
			name = "[CP] Embed Pods Frameworks";
			outputPaths = (
			);
			runOnlyForDeploymentPostprocessing = 0;
			shellPath = /bin/sh;
			shellScript = "\"${SRCROOT}/Pods/Target Support Files/Pods-GhostWriter/Pods-GhostWriter-frameworks.sh\"\n";
			showEnvVarsInLog = 0;
		};
		AEBE1514A2002C2390472E00 /* [CP] Check Pods Manifest.lock */ = {
			isa = PBXShellScriptBuildPhase;
			buildActionMask = 2147483647;
			files = (
			);
			inputPaths = (
			);
			name = "[CP] Check Pods Manifest.lock";
			outputPaths = (
			);
			runOnlyForDeploymentPostprocessing = 0;
			shellPath = /bin/sh;
			shellScript = "diff \"${PODS_ROOT}/../Podfile.lock\" \"${PODS_ROOT}/Manifest.lock\" > /dev/null\nif [ $? != 0 ] ; then\n    # print error to STDERR\n    echo \"error: The sandbox is not in sync with the Podfile.lock. Run 'pod install' or update your CocoaPods installation.\" >&2\n    exit 1\nfi\n";
			showEnvVarsInLog = 0;
		};
/* End PBXShellScriptBuildPhase section */

/* Begin PBXSourcesBuildPhase section */
		9DA3874B1EA4D45C008FDDE3 /* Sources */ = {
			isa = PBXSourcesBuildPhase;
			buildActionMask = 2147483647;
			files = (
				9DA3875A1EA4D45C008FDDE3 /* ViewController.m in Sources */,
				9DA387571EA4D45C008FDDE3 /* main.m in Sources */,
				9DA387541EA4D45C008FDDE3 /* AppDelegate.m in Sources */,
				9D1AEA611EA881BF000B78BC /* BlogModel.m in Sources */,
			);
			runOnlyForDeploymentPostprocessing = 0;
		};
/* End PBXSourcesBuildPhase section */

/* Begin PBXVariantGroup section */
		9DA3875D1EA4D45C008FDDE3 /* Main.storyboard */ = {
			isa = PBXVariantGroup;
			children = (
				9DA3875E1EA4D45C008FDDE3 /* Base */,
			);
			name = Main.storyboard;
			sourceTree = "<group>";
		};
/* End PBXVariantGroup section */

/* Begin XCBuildConfiguration section */
		9DA387611EA4D45C008FDDE3 /* Debug */ = {
			isa = XCBuildConfiguration;
			buildSettings = {
				ALWAYS_SEARCH_USER_PATHS = NO;
				CLANG_ANALYZER_NONNULL = YES;
				CLANG_ANALYZER_NUMBER_OBJECT_CONVERSION = YES_AGGRESSIVE;
				CLANG_CXX_LANGUAGE_STANDARD = "gnu++0x";
				CLANG_CXX_LIBRARY = "libc++";
				CLANG_ENABLE_MODULES = YES;
				CLANG_ENABLE_OBJC_ARC = YES;
				CLANG_WARN_BOOL_CONVERSION = YES;
				CLANG_WARN_CONSTANT_CONVERSION = YES;
				CLANG_WARN_DIRECT_OBJC_ISA_USAGE = YES_ERROR;
				CLANG_WARN_DOCUMENTATION_COMMENTS = YES;
				CLANG_WARN_EMPTY_BODY = YES;
				CLANG_WARN_ENUM_CONVERSION = YES;
				CLANG_WARN_INFINITE_RECURSION = YES;
				CLANG_WARN_INT_CONVERSION = YES;
				CLANG_WARN_OBJC_ROOT_CLASS = YES_ERROR;
				CLANG_WARN_SUSPICIOUS_MOVE = YES;
				CLANG_WARN_UNREACHABLE_CODE = YES;
				CLANG_WARN__DUPLICATE_METHOD_MATCH = YES;
				CODE_SIGN_IDENTITY = "-";
				COPY_PHASE_STRIP = NO;
				DEBUG_INFORMATION_FORMAT = dwarf;
				ENABLE_STRICT_OBJC_MSGSEND = YES;
				ENABLE_TESTABILITY = YES;
				GCC_C_LANGUAGE_STANDARD = gnu99;
				GCC_DYNAMIC_NO_PIC = NO;
				GCC_NO_COMMON_BLOCKS = YES;
				GCC_OPTIMIZATION_LEVEL = 0;
				GCC_PREPROCESSOR_DEFINITIONS = (
					"DEBUG=1",
					"$(inherited)",
				);
				GCC_WARN_64_TO_32_BIT_CONVERSION = YES;
				GCC_WARN_ABOUT_RETURN_TYPE = YES_ERROR;
				GCC_WARN_UNDECLARED_SELECTOR = YES;
				GCC_WARN_UNINITIALIZED_AUTOS = YES_AGGRESSIVE;
				GCC_WARN_UNUSED_FUNCTION = YES;
				GCC_WARN_UNUSED_VARIABLE = YES;
				MACOSX_DEPLOYMENT_TARGET = 10.12;
				MTL_ENABLE_DEBUG_INFO = YES;
				ONLY_ACTIVE_ARCH = YES;
				SDKROOT = macosx;
			};
			name = Debug;
		};
		9DA387621EA4D45C008FDDE3 /* Release */ = {
			isa = XCBuildConfiguration;
			buildSettings = {
				ALWAYS_SEARCH_USER_PATHS = NO;
				CLANG_ANALYZER_NONNULL = YES;
				CLANG_ANALYZER_NUMBER_OBJECT_CONVERSION = YES_AGGRESSIVE;
				CLANG_CXX_LANGUAGE_STANDARD = "gnu++0x";
				CLANG_CXX_LIBRARY = "libc++";
				CLANG_ENABLE_MODULES = YES;
				CLANG_ENABLE_OBJC_ARC = YES;
				CLANG_WARN_BOOL_CONVERSION = YES;
				CLANG_WARN_CONSTANT_CONVERSION = YES;
				CLANG_WARN_DIRECT_OBJC_ISA_USAGE = YES_ERROR;
				CLANG_WARN_DOCUMENTATION_COMMENTS = YES;
				CLANG_WARN_EMPTY_BODY = YES;
				CLANG_WARN_ENUM_CONVERSION = YES;
				CLANG_WARN_INFINITE_RECURSION = YES;
				CLANG_WARN_INT_CONVERSION = YES;
				CLANG_WARN_OBJC_ROOT_CLASS = YES_ERROR;
				CLANG_WARN_SUSPICIOUS_MOVE = YES;
				CLANG_WARN_UNREACHABLE_CODE = YES;
				CLANG_WARN__DUPLICATE_METHOD_MATCH = YES;
				CODE_SIGN_IDENTITY = "-";
				COPY_PHASE_STRIP = NO;
				DEBUG_INFORMATION_FORMAT = "dwarf-with-dsym";
				ENABLE_NS_ASSERTIONS = NO;
				ENABLE_STRICT_OBJC_MSGSEND = YES;
				GCC_C_LANGUAGE_STANDARD = gnu99;
				GCC_NO_COMMON_BLOCKS = YES;
				GCC_WARN_64_TO_32_BIT_CONVERSION = YES;
				GCC_WARN_ABOUT_RETURN_TYPE = YES_ERROR;
				GCC_WARN_UNDECLARED_SELECTOR = YES;
				GCC_WARN_UNINITIALIZED_AUTOS = YES_AGGRESSIVE;
				GCC_WARN_UNUSED_FUNCTION = YES;
				GCC_WARN_UNUSED_VARIABLE = YES;
				MACOSX_DEPLOYMENT_TARGET = 10.12;
				MTL_ENABLE_DEBUG_INFO = NO;
				SDKROOT = macosx;
			};
			name = Release;
		};
		9DA387641EA4D45C008FDDE3 /* Debug */ = {
			isa = XCBuildConfiguration;
			baseConfigurationReference = C44335BD6AA1EA1668A6A6CC /* Pods-GhostWriter.debug.xcconfig */;
			buildSettings = {
				ASSETCATALOG_COMPILER_APPICON_NAME = AppIcon;
				COMBINE_HIDPI_IMAGES = YES;
				DEVELOPMENT_TEAM = KB7B8SQENU;
				INFOPLIST_FILE = GhostWriter/Info.plist;
				LD_RUNPATH_SEARCH_PATHS = "$(inherited) @executable_path/../Frameworks";
				PRODUCT_BUNDLE_IDENTIFIER = com.Lvmama.GhostWriter;
				PRODUCT_NAME = "$(TARGET_NAME)";
			};
			name = Debug;
		};
		9DA387651EA4D45C008FDDE3 /* Release */ = {
			isa = XCBuildConfiguration;
			baseConfigurationReference = 42DBA5B24612358126F53CB4 /* Pods-GhostWriter.release.xcconfig */;
			buildSettings = {
				ASSETCATALOG_COMPILER_APPICON_NAME = AppIcon;
				COMBINE_HIDPI_IMAGES = YES;
				DEVELOPMENT_TEAM = KB7B8SQENU;
				INFOPLIST_FILE = GhostWriter/Info.plist;
				LD_RUNPATH_SEARCH_PATHS = "$(inherited) @executable_path/../Frameworks";
				PRODUCT_BUNDLE_IDENTIFIER = com.Lvmama.GhostWriter;
				PRODUCT_NAME = "$(TARGET_NAME)";
			};
			name = Release;
		};
/* End XCBuildConfiguration section */

/* Begin XCConfigurationList section */
		9DA3874A1EA4D45C008FDDE3 /* Build configuration list for PBXProject "GhostWriter" */ = {
			isa = XCConfigurationList;
			buildConfigurations = (
				9DA387611EA4D45C008FDDE3 /* Debug */,
				9DA387621EA4D45C008FDDE3 /* Release */,
			);
			defaultConfigurationIsVisible = 0;
			defaultConfigurationName = Release;
		};
		9DA387631EA4D45C008FDDE3 /* Build configuration list for PBXNativeTarget "GhostWriter" */ = {
			isa = XCConfigurationList;
			buildConfigurations = (
				9DA387641EA4D45C008FDDE3 /* Debug */,
				9DA387651EA4D45C008FDDE3 /* Release */,
			);
			defaultConfigurationIsVisible = 0;
			defaultConfigurationName = Release;
		};
/* End XCConfigurationList section */
	};
	rootObject = 9DA387471EA4D45C008FDDE3 /* Project object */;
}
